// !$*UTF8*$!
{
	archiveVersion = 1;
	classes = {
	};
	objectVersion = 46;
	objects = {

/* Begin PBXBuildFile section */
		91DBBB1D1AD37915004D6326 /* BNRHypnosisViewController.m in Sources */ = {isa = PBXBuildFile; fileRef = 91DBBB1C1AD37915004D6326 /* BNRHypnosisViewController.m */; };
		91DBBB201AD37EAC004D6326 /* BNRReminderViewController.m in Sources */ = {isa = PBXBuildFile; fileRef = 91DBBB1F1AD37EAC004D6326 /* BNRReminderViewController.m */; };
		91DBBB221AD38138004D6326 /* BNRReminderViewController.xib in Resources */ = {isa = PBXBuildFile; fileRef = 91DBBB211AD38138004D6326 /* BNRReminderViewController.xib */; };
		91F8A1811AD1D88900AD07AA /* main.m in Sources */ = {isa = PBXBuildFile; fileRef = 91F8A1801AD1D88900AD07AA /* main.m */; };
		91F8A1841AD1D88900AD07AA /* AppDelegate.m in Sources */ = {isa = PBXBuildFile; fileRef = 91F8A1831AD1D88900AD07AA /* AppDelegate.m */; };
		91F8A1871AD1D88900AD07AA /* ViewController.m in Sources */ = {isa = PBXBuildFile; fileRef = 91F8A1861AD1D88900AD07AA /* ViewController.m */; };
		91F8A18A1AD1D88900AD07AA /* Main.storyboard in Resources */ = {isa = PBXBuildFile; fileRef = 91F8A1881AD1D88900AD07AA /* Main.storyboard */; };
		91F8A18C1AD1D88900AD07AA /* Images.xcassets in Resources */ = {isa = PBXBuildFile; fileRef = 91F8A18B1AD1D88900AD07AA /* Images.xcassets */; };
		91F8A18F1AD1D88900AD07AA /* LaunchScreen.xib in Resources */ = {isa = PBXBuildFile; fileRef = 91F8A18D1AD1D88900AD07AA /* LaunchScreen.xib */; };
		91F8A19B1AD1D88900AD07AA /* HypnoNerdTests.m in Sources */ = {isa = PBXBuildFile; fileRef = 91F8A19A1AD1D88900AD07AA /* HypnoNerdTests.m */; };
		91F8A1A61AD1D92B00AD07AA /* BNRHypnosisView.m in Sources */ = {isa = PBXBuildFile; fileRef = 91F8A1A51AD1D92B00AD07AA /* BNRHypnosisView.m */; };
/* End PBXBuildFile section */

/* Begin PBXContainerItemProxy section */
		91F8A1951AD1D88900AD07AA /* PBXContainerItemProxy */ = {
			isa = PBXContainerItemProxy;
			containerPortal = 91F8A1731AD1D88900AD07AA /* Project object */;
			proxyType = 1;
			remoteGlobalIDString = 91F8A17A1AD1D88900AD07AA;
			remoteInfo = HypnoNerd;
		};
/* End PBXContainerItemProxy section */

/* Begin PBXFileReference section */
		91DBBB1B1AD37915004D6326 /* BNRHypnosisViewController.h */ = {isa = PBXFileReference; fileEncoding = 4; lastKnownFileType = sourcecode.c.h; path = BNRHypnosisViewController.h; sourceTree = "<group>"; };
		91DBBB1C1AD37915004D6326 /* BNRHypnosisViewController.m */ = {isa = PBXFileReference; fileEncoding = 4; lastKnownFileType = sourcecode.c.objc; path = BNRHypnosisViewController.m; sourceTree = "<group>"; };
		91DBBB1E1AD37EAC004D6326 /* BNRReminderViewController.h */ = {isa = PBXFileReference; fileEncoding = 4; lastKnownFileType = sourcecode.c.h; path = BNRReminderViewController.h; sourceTree = "<group>"; };
		91DBBB1F1AD37EAC004D6326 /* BNRReminderViewController.m */ = {isa = PBXFileReference; fileEncoding = 4; lastKnownFileType = sourcecode.c.objc; path = BNRReminderViewController.m; sourceTree = "<group>"; };
		91DBBB211AD38138004D6326 /* BNRReminderViewController.xib */ = {isa = PBXFileReference; fileEncoding = 4; lastKnownFileType = file.xib; path = BNRReminderViewController.xib; sourceTree = "<group>"; };
		91F8A17B1AD1D88900AD07AA /* HypnoNerd.app */ = {isa = PBXFileReference; explicitFileType = wrapper.application; includeInIndex = 0; path = HypnoNerd.app; sourceTree = BUILT_PRODUCTS_DIR; };
		91F8A17F1AD1D88900AD07AA /* Info.plist */ = {isa = PBXFileReference; lastKnownFileType = text.plist.xml; path = Info.plist; sourceTree = "<group>"; };
		91F8A1801AD1D88900AD07AA /* main.m */ = {isa = PBXFileReference; lastKnownFileType = sourcecode.c.objc; path = main.m; sourceTree = "<group>"; };
		91F8A1821AD1D88900AD07AA /* AppDelegate.h */ = {isa = PBXFileReference; lastKnownFileType = sourcecode.c.h; path = AppDelegate.h; sourceTree = "<group>"; };
		91F8A1831AD1D88900AD07AA /* AppDelegate.m */ = {isa = PBXFileReference; lastKnownFileType = sourcecode.c.objc; path = AppDelegate.m; sourceTree = "<group>"; };
		91F8A1851AD1D88900AD07AA /* ViewController.h */ = {isa = PBXFileReference; lastKnownFileType = sourcecode.c.h; path = ViewController.h; sourceTree = "<group>"; };
		91F8A1861AD1D88900AD07AA /* ViewController.m */ = {isa = PBXFileReference; lastKnownFileType = sourcecode.c.objc; path = ViewController.m; sourceTree = "<group>"; };
		91F8A1891AD1D88900AD07AA /* Base */ = {isa = PBXFileReference; lastKnownFileType = file.storyboard; name = Base; path = Base.lproj/Main.storyboard; sourceTree = "<group>"; };
		91F8A18B1AD1D88900AD07AA /* Images.xcassets */ = {isa = PBXFileReference; lastKnownFileType = folder.assetcatalog; path = Images.xcassets; sourceTree = "<group>"; };
		91F8A18E1AD1D88900AD07AA /* Base */ = {isa = PBXFileReference; lastKnownFileType = file.xib; name = Base; path = Base.lproj/LaunchScreen.xib; sourceTree = "<group>"; };
		91F8A1941AD1D88900AD07AA /* HypnoNerdTests.xctest */ = {isa = PBXFileReference; explicitFileType = wrapper.cfbundle; includeInIndex = 0; path = HypnoNerdTests.xctest; sourceTree = BUILT_PRODUCTS_DIR; };
		91F8A1991AD1D88900AD07AA /* Info.plist */ = {isa = PBXFileReference; lastKnownFileType = text.plist.xml; path = Info.plist; sourceTree = "<group>"; };
		91F8A19A1AD1D88900AD07AA /* HypnoNerdTests.m */ = {isa = PBXFileReference; lastKnownFileType = sourcecode.c.objc; path = HypnoNerdTests.m; sourceTree = "<group>"; };
		91F8A1A41AD1D92B00AD07AA /* BNRHypnosisView.h */ = {isa = PBXFileReference; fileEncoding = 4; lastKnownFileType = sourcecode.c.h; path = BNRHypnosisView.h; sourceTree = "<group>"; };
		91F8A1A51AD1D92B00AD07AA /* BNRHypnosisView.m */ = {isa = PBXFileReference; fileEncoding = 4; lastKnownFileType = sourcecode.c.objc; path = BNRHypnosisView.m; sourceTree = "<group>"; };
/* End PBXFileReference section */

/* Begin PBXFrameworksBuildPhase section */
		91F8A1781AD1D88900AD07AA /* Frameworks */ = {
			isa = PBXFrameworksBuildPhase;
			buildActionMask = 2147483647;
			files = (
			);
			runOnlyForDeploymentPostprocessing = 0;
		};
		91F8A1911AD1D88900AD07AA /* Frameworks */ = {
			isa = PBXFrameworksBuildPhase;
			buildActionMask = 2147483647;
			files = (
			);
			runOnlyForDeploymentPostprocessing = 0;
		};
/* End PBXFrameworksBuildPhase section */

/* Begin PBXGroup section */
		91F8A1721AD1D88900AD07AA = {
			isa = PBXGroup;
			children = (
				91F8A17D1AD1D88900AD07AA /* HypnoNerd */,
				91F8A1971AD1D88900AD07AA /* HypnoNerdTests */,
				91F8A17C1AD1D88900AD07AA /* Products */,
			);
			sourceTree = "<group>";
		};
		91F8A17C1AD1D88900AD07AA /* Products */ = {
			isa = PBXGroup;
			children = (
				91F8A17B1AD1D88900AD07AA /* HypnoNerd.app */,
				91F8A1941AD1D88900AD07AA /* HypnoNerdTests.xctest */,
			);
			name = Products;
			sourceTree = "<group>";
		};
		91F8A17D1AD1D88900AD07AA /* HypnoNerd */ = {
			isa = PBXGroup;
			children = (
				91F8A1821AD1D88900AD07AA /* AppDelegate.h */,
				91DBBB1B1AD37915004D6326 /* BNRHypnosisViewController.h */,
				91DBBB1C1AD37915004D6326 /* BNRHypnosisViewController.m */,
				91F8A1A41AD1D92B00AD07AA /* BNRHypnosisView.h */,
				91F8A1A51AD1D92B00AD07AA /* BNRHypnosisView.m */,
				91DBBB1E1AD37EAC004D6326 /* BNRReminderViewController.h */,
				91DBBB211AD38138004D6326 /* BNRReminderViewController.xib */,
				91DBBB1F1AD37EAC004D6326 /* BNRReminderViewController.m */,
				91F8A1831AD1D88900AD07AA /* AppDelegate.m */,
				91F8A1851AD1D88900AD07AA /* ViewController.h */,
				91F8A1861AD1D88900AD07AA /* ViewController.m */,
				91F8A1881AD1D88900AD07AA /* Main.storyboard */,
				91F8A18B1AD1D88900AD07AA /* Images.xcassets */,
				91F8A18D1AD1D88900AD07AA /* LaunchScreen.xib */,
				91F8A17E1AD1D88900AD07AA /* Supporting Files */,
			);
			path = HypnoNerd;
			sourceTree = "<group>";
		};
		91F8A17E1AD1D88900AD07AA /* Supporting Files */ = {
			isa = PBXGroup;
			children = (
				91F8A17F1AD1D88900AD07AA /* Info.plist */,
				91F8A1801AD1D88900AD07AA /* main.m */,
			);
			name = "Supporting Files";
			sourceTree = "<group>";
		};
		91F8A1971AD1D88900AD07AA /* HypnoNerdTests */ = {
			isa = PBXGroup;
			children = (
				91F8A19A1AD1D88900AD07AA /* HypnoNerdTests.m */,
				91F8A1981AD1D88900AD07AA /* Supporting Files */,
			);
			path = HypnoNerdTests;
			sourceTree = "<group>";
		};
		91F8A1981AD1D88900AD07AA /* Supporting Files */ = {
			isa = PBXGroup;
			children = (
				91F8A1991AD1D88900AD07AA /* Info.plist */,
			);
			name = "Supporting Files";
			sourceTree = "<group>";
		};
/* End PBXGroup section */

/* Begin PBXNativeTarget section */
		91F8A17A1AD1D88900AD07AA /* HypnoNerd */ = {
			isa = PBXNativeTarget;
			buildConfigurationList = 91F8A19E1AD1D88900AD07AA /* Build configuration list for PBXNativeTarget "HypnoNerd" */;
			buildPhases = (
				91F8A1771AD1D88900AD07AA /* Sources */,
				91F8A1781AD1D88900AD07AA /* Frameworks */,
				91F8A1791AD1D88900AD07AA /* Resources */,
			);
			buildRules = (
			);
			dependencies = (
			);
			name = HypnoNerd;
			productName = HypnoNerd;
			productReference = 91F8A17B1AD1D88900AD07AA /* HypnoNerd.app */;
			productType = "com.apple.product-type.application";
		};
		91F8A1931AD1D88900AD07AA /* HypnoNerdTests */ = {
			isa = PBXNativeTarget;
			buildConfigurationList = 91F8A1A11AD1D88900AD07AA /* Build configuration list for PBXNativeTarget "HypnoNerdTests" */;
			buildPhases = (
				91F8A1901AD1D88900AD07AA /* Sources */,
				91F8A1911AD1D88900AD07AA /* Frameworks */,
				91F8A1921AD1D88900AD07AA /* Resources */,
			);
			buildRules = (
			);
			dependencies = (
				91F8A1961AD1D88900AD07AA /* PBXTargetDependency */,
			);
			name = HypnoNerdTests;
			productName = HypnoNerdTests;
			productReference = 91F8A1941AD1D88900AD07AA /* HypnoNerdTests.xctest */;
			productType = "com.apple.product-type.bundle.unit-test";
		};
/* End PBXNativeTarget section */

/* Begin PBXProject section */
		91F8A1731AD1D88900AD07AA /* Project object */ = {
			isa = PBXProject;
			attributes = {
				LastUpgradeCheck = 0620;
				ORGANIZATIONNAME = Alpha;
				TargetAttributes = {
					91F8A17A1AD1D88900AD07AA = {
						CreatedOnToolsVersion = 6.2;
					};
					91F8A1931AD1D88900AD07AA = {
						CreatedOnToolsVersion = 6.2;
						TestTargetID = 91F8A17A1AD1D88900AD07AA;
					};
				};
			};
			buildConfigurationList = 91F8A1761AD1D88900AD07AA /* Build configuration list for PBXProject "HypnoNerd" */;
			compatibilityVersion = "Xcode 3.2";
			developmentRegion = English;
			hasScannedForEncodings = 0;
			knownRegions = (
				en,
				Base,
			);
			mainGroup = 91F8A1721AD1D88900AD07AA;
			productRefGroup = 91F8A17C1AD1D88900AD07AA /* Products */;
			projectDirPath = "";
			projectRoot = "";
			targets = (
				91F8A17A1AD1D88900AD07AA /* HypnoNerd */,
				91F8A1931AD1D88900AD07AA /* HypnoNerdTests */,
			);
		};
/* End PBXProject section */

/* Begin PBXResourcesBuildPhase section */
		91F8A1791AD1D88900AD07AA /* Resources */ = {
			isa = PBXResourcesBuildPhase;
			buildActionMask = 2147483647;
			files = (
				91F8A18A1AD1D88900AD07AA /* Main.storyboard in Resources */,
				91DBBB221AD38138004D6326 /* BNRReminderViewController.xib in Resources */,
				91F8A18F1AD1D88900AD07AA /* LaunchScreen.xib in Resources */,
				91F8A18C1AD1D88900AD07AA /* Images.xcassets in Resources */,
			);
			runOnlyForDeploymentPostprocessing = 0;
		};
		91F8A1921AD1D88900AD07AA /* Resources */ = {
			isa = PBXResourcesBuildPhase;
			buildActionMask = 2147483647;
			files = (
			);
			runOnlyForDeploymentPostprocessing = 0;
		};
/* End PBXResourcesBuildPhase section */

/* Begin PBXSourcesBuildPhase section */
		91F8A1771AD1D88900AD07AA /* Sources */ = {
			isa = PBXSourcesBuildPhase;
			buildActionMask = 2147483647;
			files = (
				91F8A1871AD1D88900AD07AA /* ViewController.m in Sources */,
				91DBBB201AD37EAC004D6326 /* BNRReminderViewController.m in Sources */,
				91F8A1841AD1D88900AD07AA /* AppDelegate.m in Sources */,
				91F8A1A61AD1D92B00AD07AA /* BNRHypnosisView.m in Sources */,
				91F8A1811AD1D88900AD07AA /* main.m in Sources */,
				91DBBB1D1AD37915004D6326 /* BNRHypnosisViewController.m in Sources */,
			);
			runOnlyForDeploymentPostprocessing = 0;
		};
		91F8A1901AD1D88900AD07AA /* Sources */ = {
			isa = PBXSourcesBuildPhase;
			buildActionMask = 2147483647;
			files = (
				91F8A19B1AD1D88900AD07AA /* HypnoNerdTests.m in Sources */,
			);
			runOnlyForDeploymentPostprocessing = 0;
		};
/* End PBXSourcesBuildPhase section */

/* Begin PBXTargetDependency section */
		91F8A1961AD1D88900AD07AA /* PBXTargetDependency */ = {
			isa = PBXTargetDependency;
			target = 91F8A17A1AD1D88900AD07AA /* HypnoNerd */;
			targetProxy = 91F8A1951AD1D88900AD07AA /* PBXContainerItemProxy */;
		};
/* End PBXTargetDependency section */

/* Begin PBXVariantGroup section */
		91F8A1881AD1D88900AD07AA /* Main.storyboard */ = {
			isa = PBXVariantGroup;
			children = (
				91F8A1891AD1D88900AD07AA /* Base */,
			);
			name = Main.storyboard;
			sourceTree = "<group>";
		};
		91F8A18D1AD1D88900AD07AA /* LaunchScreen.xib */ = {
			isa = PBXVariantGroup;
			children = (
				91F8A18E1AD1D88900AD07AA /* Base */,
			);
			name = LaunchScreen.xib;
			sourceTree = "<group>";
		};
/* End PBXVariantGroup section */

/* Begin XCBuildConfiguration section */
		91F8A19C1AD1D88900AD07AA /* Debug */ = {
			isa = XCBuildConfiguration;
			buildSettings = {
				ALWAYS_SEARCH_USER_PATHS = NO;
				CLANG_CXX_LANGUAGE_STANDARD = "gnu++0x";
				CLANG_CXX_LIBRARY = "libc++";
				CLANG_ENABLE_MODULES = YES;
				CLANG_ENABLE_OBJC_ARC = YES;
				CLANG_WARN_BOOL_CONVERSION = YES;
				CLANG_WARN_CONSTANT_CONVERSION = YES;
				CLANG_WARN_DIRECT_OBJC_ISA_USAGE = YES_ERROR;
				CLANG_WARN_EMPTY_BODY = YES;
				CLANG_WARN_ENUM_CONVERSION = YES;
				CLANG_WARN_INT_CONVERSION = YES;
				CLANG_WARN_OBJC_ROOT_CLASS = YES_ERROR;
				CLANG_WARN_UNREACHABLE_CODE = YES;
				CLANG_WARN__DUPLICATE_METHOD_MATCH = YES;
				"CODE_SIGN_IDENTITY[sdk=iphoneos*]" = "iPhone Developer";
				COPY_PHASE_STRIP = NO;
				ENABLE_STRICT_OBJC_MSGSEND = YES;
				GCC_C_LANGUAGE_STANDARD = gnu99;
				GCC_DYNAMIC_NO_PIC = NO;
				GCC_OPTIMIZATION_LEVEL = 0;
				GCC_PREPROCESSOR_DEFINITIONS = (
					"DEBUG=1",
					"$(inherited)",
				);
				GCC_SYMBOLS_PRIVATE_EXTERN = NO;
				GCC_WARN_64_TO_32_BIT_CONVERSION = YES;
				GCC_WARN_ABOUT_RETURN_TYPE = YES_ERROR;
				GCC_WARN_UNDECLARED_SELECTOR = YES;
				GCC_WARN_UNINITIALIZED_AUTOS = YES_AGGRESSIVE;
				GCC_WARN_UNUSED_FUNCTION = YES;
				GCC_WARN_UNUSED_VARIABLE = YES;
				IPHONEOS_DEPLOYMENT_TARGET = 8.2;
				MTL_ENABLE_DEBUG_INFO = YES;
				ONLY_ACTIVE_ARCH = YES;
				SDKROOT = iphoneos;
			};
			name = Debug;
		};
		91F8A19D1AD1D88900AD07AA /* Release */ = {
			isa = XCBuildConfiguration;
			buildSettings = {
				ALWAYS_SEARCH_USER_PATHS = NO;
				CLANG_CXX_LANGUAGE_STANDARD = "gnu++0x";
				CLANG_CXX_LIBRARY = "libc++";
				CLANG_ENABLE_MODULES = YES;
				CLANG_ENABLE_OBJC_ARC = YES;
				CLANG_WARN_BOOL_CONVERSION = YES;
				CLANG_WARN_CONSTANT_CONVERSION = YES;
				CLANG_WARN_DIRECT_OBJC_ISA_USAGE = YES_ERROR;
				CLANG_WARN_EMPTY_BODY = YES;
				CLANG_WARN_ENUM_CONVERSION = YES;
				CLANG_WARN_INT_CONVERSION = YES;
				CLANG_WARN_OBJC_ROOT_CLASS = YES_ERROR;
				CLANG_WARN_UNREACHABLE_CODE = YES;
				CLANG_WARN__DUPLICATE_METHOD_MATCH = YES;
				"CODE_SIGN_IDENTITY[sdk=iphoneos*]" = "iPhone Developer";
				COPY_PHASE_STRIP = NO;
				ENABLE_NS_ASSERTIONS = NO;
				ENABLE_STRICT_OBJC_MSGSEND = YES;
				GCC_C_LANGUAGE_STANDARD = gnu99;
				GCC_WARN_64_TO_32_BIT_CONVERSION = YES;
				GCC_WARN_ABOUT_RETURN_TYPE = YES_ERROR;
				GCC_WARN_UNDECLARED_SELECTOR = YES;
				GCC_WARN_UNINITIALIZED_AUTOS = YES_AGGRESSIVE;
				GCC_WARN_UNUSED_FUNCTION = YES;
				GCC_WARN_UNUSED_VARIABLE = YES;
				IPHONEOS_DEPLOYMENT_TARGET = 8.2;
				MTL_ENABLE_DEBUG_INFO = NO;
				SDKROOT = iphoneos;
				VALIDATE_PRODUCT = YES;
			};
			name = Release;
		};
		91F8A19F1AD1D88900AD07AA /* Debug */ = {
			isa = XCBuildConfiguration;
			buildSettings = {
				ASSETCATALOG_COMPILER_APPICON_NAME = AppIcon;
				INFOPLIST_FILE = HypnoNerd/Info.plist;
				LD_RUNPATH_SEARCH_PATHS = "$(inherited) @executable_path/Frameworks";
				PRODUCT_NAME = "$(TARGET_NAME)";
			};
			name = Debug;
		};
		91F8A1A01AD1D88900AD07AA /* Release */ = {
			isa = XCBuildConfiguration;
			buildSettings = {
				ASSETCATALOG_COMPILER_APPICON_NAME = AppIcon;
				INFOPLIST_FILE = HypnoNerd/Info.plist;
				LD_RUNPATH_SEARCH_PATHS = "$(inherited) @executable_path/Frameworks";
				PRODUCT_NAME = "$(TARGET_NAME)";
			};
			name = Release;
		};
		91F8A1A21AD1D88900AD07AA /* Debug */ = {
			isa = XCBuildConfiguration;
			buildSettings = {
				BUNDLE_LOADER = "$(TEST_HOST)";
				FRAMEWORK_SEARCH_PATHS = (
					"$(SDKROOT)/Developer/Library/Frameworks",
					"$(inherited)",
				);
				GCC_PREPROCESSOR_DEFINITIONS = (
					"DEBUG=1",
					"$(inherited)",
				);
				INFOPLIST_FILE = HypnoNerdTests/Info.plist;
				LD_RUNPATH_SEARCH_PATHS = "$(inherited) @executable_path/Frameworks @loader_path/Frameworks";
				PRODUCT_NAME = "$(TARGET_NAME)";
				TEST_HOST = "$(BUILT_PRODUCTS_DIR)/HypnoNerd.app/HypnoNerd";
			};
			name = Debug;
		};
		91F8A1A31AD1D88900AD07AA /* Release */ = {
			isa = XCBuildConfiguration;
			buildSettings = {
				BUNDLE_LOADER = "$(TEST_HOST)";
				FRAMEWORK_SEARCH_PATHS = (
					"$(SDKROOT)/Developer/Library/Frameworks",
					"$(inherited)",
				);
				INFOPLIST_FILE = HypnoNerdTests/Info.plist;
				LD_RUNPATH_SEARCH_PATHS = "$(inherited) @executable_path/Frameworks @loader_path/Frameworks";
				PRODUCT_NAME = "$(TARGET_NAME)";
				TEST_HOST = "$(BUILT_PRODUCTS_DIR)/HypnoNerd.app/HypnoNerd";
			};
			name = Release;
		};
/* End XCBuildConfiguration section */

/* Begin XCConfigurationList section */
		91F8A1761AD1D88900AD07AA /* Build configuration list for PBXProject "HypnoNerd" */ = {
			isa = XCConfigurationList;
			buildConfigurations = (
				91F8A19C1AD1D88900AD07AA /* Debug */,
				91F8A19D1AD1D88900AD07AA /* Release */,
			);
			defaultConfigurationIsVisible = 0;
			defaultConfigurationName = Release;
		};
		91F8A19E1AD1D88900AD07AA /* Build configuration list for PBXNativeTarget "HypnoNerd" */ = {
			isa = XCConfigurationList;
			buildConfigurations = (
				91F8A19F1AD1D88900AD07AA /* Debug */,
				91F8A1A01AD1D88900AD07AA /* Release */,
			);
			defaultConfigurationIsVisible = 0;
			defaultConfigurationName = Release;
		};
		91F8A1A11AD1D88900AD07AA /* Build configuration list for PBXNativeTarget "HypnoNerdTests" */ = {
			isa = XCConfigurationList;
			buildConfigurations = (
				91F8A1A21AD1D88900AD07AA /* Debug */,
				91F8A1A31AD1D88900AD07AA /* Release */,
			);
			defaultConfigurationIsVisible = 0;
			defaultConfigurationName = Release;
		};
/* End XCConfigurationList section */
	};
	rootObject = 91F8A1731AD1D88900AD07AA /* Project object */;
}
